
Microsoft Visual Studio Solution File, Format Version 12.00
# Visual Studio 15
VisualStudioVersion = 15.0.26228.9
MinimumVisualStudioVersion = 10.0.40219.1
Project("{FAE04EC0-301F-11D3-BF4B-00C04F79EFBC}") = "Practice", "Practice\Practice.csproj", "{74CF7740-E4B9-417E-BF7D-C90B170139D3}"
EndProject
Project("{2150E333-8FDC-42A3-9474-1A3956D46DE8}") = "Solution Items", "Solution Items", "{DBAE80AB-61B5-4003-B796-792C2AA8755C}"
	ProjectSection(SolutionItems) = preProject
		Readme.MD = Readme.MD
	EndProjectSection
EndProject
Project("{FAE04EC0-301F-11D3-BF4B-00C04F79EFBC}") = "CoolNumbers", "CoolNumbers\CoolNumbers.csproj", "{2A855146-901E-413B-B53B-A461929973DC}"
EndProject
Project("{FAE04EC0-301F-11D3-BF4B-00C04F79EFBC}") = "Comparable", "ConsoleApp1\Comparable.csproj", "{E9BF2EB8-7733-479E-B889-D13ABAB2EAA1}"
EndProject
Project("{FAE04EC0-301F-11D3-BF4B-00C04F79EFBC}") = "AWS", "AWS\AWS.csproj", "{7E7D1826-5288-4E88-A25A-40FA9249777E}"
EndProject
Project("{FAE04EC0-301F-11D3-BF4B-00C04F79EFBC}") = "AsyncTest", "AsyncTest\AsyncTest.csproj", "{F8C795B4-7261-4AB4-9C35-785961A18B83}"
EndProject
Project("{FAE04EC0-301F-11D3-BF4B-00C04F79EFBC}") = "SampleQuestion1", "SampleQuestion1\SampleQuestion1.csproj", "{ED6BCC28-2D6E-4408-BFA2-813A030097E6}"
EndProject
Project("{FAE04EC0-301F-11D3-BF4B-00C04F79EFBC}") = "Fibbo", "Fibbo\Fibbo.csproj", "{7FBEA0D6-8942-4CEA-8CE2-BF655E4F8198}"
EndProject
Project("{FAE04EC0-301F-11D3-BF4B-00C04F79EFBC}") = "RemoveDuplicateChars", "RemoveDuplicateChars\RemoveDuplicateChars.csproj", "{CB66BBB8-E31F-48A4-AC9E-BC1ACA7E7C57}"
EndProject
Project("{FAE04EC0-301F-11D3-BF4B-00C04F79EFBC}") = "Factorial", "Factorial\Factorial.csproj", "{E8F4E7F7-B9B7-4A9D-9B4F-9ECCE86E78C7}"
EndProject
Project("{FAE04EC0-301F-11D3-BF4B-00C04F79EFBC}") = "SumOfDigitsOfANumber", "SumOfDigitsOfANumber\SumOfDigitsOfANumber.csproj", "{E45D283B-6260-4BDA-A82C-53EC0666DCAD}"
EndProject
Global
	GlobalSection(SolutionConfigurationPlatforms) = preSolution
		Debug|Any CPU = Debug|Any CPU
		Release|Any CPU = Release|Any CPU
	EndGlobalSection
	GlobalSection(ProjectConfigurationPlatforms) = postSolution
		{74CF7740-E4B9-417E-BF7D-C90B170139D3}.Debug|Any CPU.ActiveCfg = Debug|Any CPU
		{74CF7740-E4B9-417E-BF7D-C90B170139D3}.Debug|Any CPU.Build.0 = Debug|Any CPU
		{74CF7740-E4B9-417E-BF7D-C90B170139D3}.Release|Any CPU.ActiveCfg = Release|Any CPU
		{74CF7740-E4B9-417E-BF7D-C90B170139D3}.Release|Any CPU.Build.0 = Release|Any CPU
		{2A855146-901E-413B-B53B-A461929973DC}.Debug|Any CPU.ActiveCfg = Debug|Any CPU
		{2A855146-901E-413B-B53B-A461929973DC}.Debug|Any CPU.Build.0 = Debug|Any CPU
		{2A855146-901E-413B-B53B-A461929973DC}.Release|Any CPU.ActiveCfg = Release|Any CPU
		{2A855146-901E-413B-B53B-A461929973DC}.Release|Any CPU.Build.0 = Release|Any CPU
		{E9BF2EB8-7733-479E-B889-D13ABAB2EAA1}.Debug|Any CPU.ActiveCfg = Debug|Any CPU
		{E9BF2EB8-7733-479E-B889-D13ABAB2EAA1}.Debug|Any CPU.Build.0 = Debug|Any CPU
		{E9BF2EB8-7733-479E-B889-D13ABAB2EAA1}.Release|Any CPU.ActiveCfg = Release|Any CPU
		{E9BF2EB8-7733-479E-B889-D13ABAB2EAA1}.Release|Any CPU.Build.0 = Release|Any CPU
		{7E7D1826-5288-4E88-A25A-40FA9249777E}.Debug|Any CPU.ActiveCfg = Debug|Any CPU
		{7E7D1826-5288-4E88-A25A-40FA9249777E}.Debug|Any CPU.Build.0 = Debug|Any CPU
		{7E7D1826-5288-4E88-A25A-40FA9249777E}.Release|Any CPU.ActiveCfg = Release|Any CPU
		{7E7D1826-5288-4E88-A25A-40FA9249777E}.Release|Any CPU.Build.0 = Release|Any CPU
		{F8C795B4-7261-4AB4-9C35-785961A18B83}.Debug|Any CPU.ActiveCfg = Debug|Any CPU
		{F8C795B4-7261-4AB4-9C35-785961A18B83}.Debug|Any CPU.Build.0 = Debug|Any CPU
		{F8C795B4-7261-4AB4-9C35-785961A18B83}.Release|Any CPU.ActiveCfg = Release|Any CPU
		{F8C795B4-7261-4AB4-9C35-785961A18B83}.Release|Any CPU.Build.0 = Release|Any CPU
		{ED6BCC28-2D6E-4408-BFA2-813A030097E6}.Debug|Any CPU.ActiveCfg = Debug|Any CPU
		{ED6BCC28-2D6E-4408-BFA2-813A030097E6}.Debug|Any CPU.Build.0 = Debug|Any CPU
		{ED6BCC28-2D6E-4408-BFA2-813A030097E6}.Release|Any CPU.ActiveCfg = Release|Any CPU
		{ED6BCC28-2D6E-4408-BFA2-813A030097E6}.Release|Any CPU.Build.0 = Release|Any CPU
		{7FBEA0D6-8942-4CEA-8CE2-BF655E4F8198}.Debug|Any CPU.ActiveCfg = Debug|Any CPU
		{7FBEA0D6-8942-4CEA-8CE2-BF655E4F8198}.Debug|Any CPU.Build.0 = Debug|Any CPU
		{7FBEA0D6-8942-4CEA-8CE2-BF655E4F8198}.Release|Any CPU.ActiveCfg = Release|Any CPU
		{7FBEA0D6-8942-4CEA-8CE2-BF655E4F8198}.Release|Any CPU.Build.0 = Release|Any CPU
		{CB66BBB8-E31F-48A4-AC9E-BC1ACA7E7C57}.Debug|Any CPU.ActiveCfg = Debug|Any CPU
		{CB66BBB8-E31F-48A4-AC9E-BC1ACA7E7C57}.Debug|Any CPU.Build.0 = Debug|Any CPU
		{CB66BBB8-E31F-48A4-AC9E-BC1ACA7E7C57}.Release|Any CPU.ActiveCfg = Release|Any CPU
		{CB66BBB8-E31F-48A4-AC9E-BC1ACA7E7C57}.Release|Any CPU.Build.0 = Release|Any CPU
		{E8F4E7F7-B9B7-4A9D-9B4F-9ECCE86E78C7}.Debug|Any CPU.ActiveCfg = Debug|Any CPU
		{E8F4E7F7-B9B7-4A9D-9B4F-9ECCE86E78C7}.Debug|Any CPU.Build.0 = Debug|Any CPU
		{E8F4E7F7-B9B7-4A9D-9B4F-9ECCE86E78C7}.Release|Any CPU.ActiveCfg = Release|Any CPU
		{E8F4E7F7-B9B7-4A9D-9B4F-9ECCE86E78C7}.Release|Any CPU.Build.0 = Release|Any CPU
		{E45D283B-6260-4BDA-A82C-53EC0666DCAD}.Debug|Any CPU.ActiveCfg = Debug|Any CPU
		{E45D283B-6260-4BDA-A82C-53EC0666DCAD}.Debug|Any CPU.Build.0 = Debug|Any CPU
		{E45D283B-6260-4BDA-A82C-53EC0666DCAD}.Release|Any CPU.ActiveCfg = Release|Any CPU
		{E45D283B-6260-4BDA-A82C-53EC0666DCAD}.Release|Any CPU.Build.0 = Release|Any CPU
	EndGlobalSection
	GlobalSection(SolutionProperties) = preSolution
		HideSolutionNode = FALSE
	EndGlobalSection
EndGlobal
